
Microsoft Visual Studio Solution File, Format Version 12.00
# Visual Studio 15
VisualStudioVersion = 15.0.26124.0
MinimumVisualStudioVersion = 15.0.26124.0
Project("{FAE04EC0-301F-11D3-BF4B-00C04F79EFBC}") = "console-tweet", "console-tweet\console-tweet.csproj", "{AB4595B7-37C1-4A43-99D2-27C58BF7D70E}"
EndProject
Project("{FAE04EC0-301F-11D3-BF4B-00C04F79EFBC}") = "twitter-callback", "twitter-callback\twitter-callback.csproj", "{6E2D14D6-9516-4308-98E8-577A5384DD35}"
EndProject
Project("{FAE04EC0-301F-11D3-BF4B-00C04F79EFBC}") = "docker-mysql-sample", "docker-mysql-sample\docker-mysql-sample.csproj", "{5386515E-28BB-4E1E-8755-E5A3C0A30D8B}"
EndProject
Project("{FAE04EC0-301F-11D3-BF4B-00C04F79EFBC}") = "using-mysql-package", "using-mysql-package\using-mysql-package.csproj", "{02318A6B-F291-4ECF-8167-A9AC95E2DFD0}"
EndProject
Project("{FAE04EC0-301F-11D3-BF4B-00C04F79EFBC}") = "eb-sample", "eb-sample\eb-sample.csproj", "{85417F8B-7C71-4C7D-A1FB-263A86673CB6}"
EndProject
Project("{FAE04EC0-301F-11D3-BF4B-00C04F79EFBC}") = "scaffold-sample", "scaffold-sample\scaffold-sample.csproj", "{5ADFEF09-51B7-4265-863B-7D5B86E24DE9}"
EndProject
Project("{FAE04EC0-301F-11D3-BF4B-00C04F79EFBC}") = "mstdn-sample", "mstdn-sample\mstdn-sample.csproj", "{C658A7F2-3E8B-41B7-A30D-673A3712E694}"
EndProject
Project("{FAE04EC0-301F-11D3-BF4B-00C04F79EFBC}") = "asyncawait-sample", "asyncawait-sample\asyncawait-sample.csproj", "{0D66B4F0-72C5-4D1B-A69B-7C100DFB06AD}"
EndProject
Project("{FAE04EC0-301F-11D3-BF4B-00C04F79EFBC}") = "github_api", "github_api\github_api.csproj", "{ED6772F2-8A06-4E6F-BAA1-5BDD2A252CDC}"
EndProject
Project("{FAE04EC0-301F-11D3-BF4B-00C04F79EFBC}") = "hatebu-hot-download", "hatebu-hot-download\hatebu-hot-download.csproj", "{FA1CBD6B-2038-4DAA-8A9D-72209D424879}"
EndProject
Global
	GlobalSection(SolutionConfigurationPlatforms) = preSolution
		Debug|Any CPU = Debug|Any CPU
		Debug|x64 = Debug|x64
		Debug|x86 = Debug|x86
		Release|Any CPU = Release|Any CPU
		Release|x64 = Release|x64
		Release|x86 = Release|x86
	EndGlobalSection
	GlobalSection(SolutionProperties) = preSolution
		HideSolutionNode = FALSE
	EndGlobalSection
	GlobalSection(ProjectConfigurationPlatforms) = postSolution
		{AB4595B7-37C1-4A43-99D2-27C58BF7D70E}.Debug|Any CPU.ActiveCfg = Debug|Any CPU
		{AB4595B7-37C1-4A43-99D2-27C58BF7D70E}.Debug|Any CPU.Build.0 = Debug|Any CPU
		{AB4595B7-37C1-4A43-99D2-27C58BF7D70E}.Debug|x64.ActiveCfg = Debug|Any CPU
		{AB4595B7-37C1-4A43-99D2-27C58BF7D70E}.Debug|x64.Build.0 = Debug|Any CPU
		{AB4595B7-37C1-4A43-99D2-27C58BF7D70E}.Debug|x86.ActiveCfg = Debug|Any CPU
		{AB4595B7-37C1-4A43-99D2-27C58BF7D70E}.Debug|x86.Build.0 = Debug|Any CPU
		{AB4595B7-37C1-4A43-99D2-27C58BF7D70E}.Release|Any CPU.ActiveCfg = Release|Any CPU
		{AB4595B7-37C1-4A43-99D2-27C58BF7D70E}.Release|Any CPU.Build.0 = Release|Any CPU
		{AB4595B7-37C1-4A43-99D2-27C58BF7D70E}.Release|x64.ActiveCfg = Release|Any CPU
		{AB4595B7-37C1-4A43-99D2-27C58BF7D70E}.Release|x64.Build.0 = Release|Any CPU
		{AB4595B7-37C1-4A43-99D2-27C58BF7D70E}.Release|x86.ActiveCfg = Release|Any CPU
		{AB4595B7-37C1-4A43-99D2-27C58BF7D70E}.Release|x86.Build.0 = Release|Any CPU
		{6E2D14D6-9516-4308-98E8-577A5384DD35}.Debug|Any CPU.ActiveCfg = Debug|Any CPU
		{6E2D14D6-9516-4308-98E8-577A5384DD35}.Debug|Any CPU.Build.0 = Debug|Any CPU
		{6E2D14D6-9516-4308-98E8-577A5384DD35}.Debug|x64.ActiveCfg = Debug|Any CPU
		{6E2D14D6-9516-4308-98E8-577A5384DD35}.Debug|x64.Build.0 = Debug|Any CPU
		{6E2D14D6-9516-4308-98E8-577A5384DD35}.Debug|x86.ActiveCfg = Debug|Any CPU
		{6E2D14D6-9516-4308-98E8-577A5384DD35}.Debug|x86.Build.0 = Debug|Any CPU
		{6E2D14D6-9516-4308-98E8-577A5384DD35}.Release|Any CPU.ActiveCfg = Release|Any CPU
		{6E2D14D6-9516-4308-98E8-577A5384DD35}.Release|Any CPU.Build.0 = Release|Any CPU
		{6E2D14D6-9516-4308-98E8-577A5384DD35}.Release|x64.ActiveCfg = Release|Any CPU
		{6E2D14D6-9516-4308-98E8-577A5384DD35}.Release|x64.Build.0 = Release|Any CPU
		{6E2D14D6-9516-4308-98E8-577A5384DD35}.Release|x86.ActiveCfg = Release|Any CPU
		{6E2D14D6-9516-4308-98E8-577A5384DD35}.Release|x86.Build.0 = Release|Any CPU
		{5386515E-28BB-4E1E-8755-E5A3C0A30D8B}.Debug|Any CPU.ActiveCfg = Debug|Any CPU
		{5386515E-28BB-4E1E-8755-E5A3C0A30D8B}.Debug|Any CPU.Build.0 = Debug|Any CPU
		{5386515E-28BB-4E1E-8755-E5A3C0A30D8B}.Debug|x64.ActiveCfg = Debug|Any CPU
		{5386515E-28BB-4E1E-8755-E5A3C0A30D8B}.Debug|x64.Build.0 = Debug|Any CPU
		{5386515E-28BB-4E1E-8755-E5A3C0A30D8B}.Debug|x86.ActiveCfg = Debug|Any CPU
		{5386515E-28BB-4E1E-8755-E5A3C0A30D8B}.Debug|x86.Build.0 = Debug|Any CPU
		{5386515E-28BB-4E1E-8755-E5A3C0A30D8B}.Release|Any CPU.ActiveCfg = Release|Any CPU
		{5386515E-28BB-4E1E-8755-E5A3C0A30D8B}.Release|Any CPU.Build.0 = Release|Any CPU
		{5386515E-28BB-4E1E-8755-E5A3C0A30D8B}.Release|x64.ActiveCfg = Release|Any CPU
		{5386515E-28BB-4E1E-8755-E5A3C0A30D8B}.Release|x64.Build.0 = Release|Any CPU
		{5386515E-28BB-4E1E-8755-E5A3C0A30D8B}.Release|x86.ActiveCfg = Release|Any CPU
		{5386515E-28BB-4E1E-8755-E5A3C0A30D8B}.Release|x86.Build.0 = Release|Any CPU
		{02318A6B-F291-4ECF-8167-A9AC95E2DFD0}.Debug|Any CPU.ActiveCfg = Debug|Any CPU
		{02318A6B-F291-4ECF-8167-A9AC95E2DFD0}.Debug|Any CPU.Build.0 = Debug|Any CPU
		{02318A6B-F291-4ECF-8167-A9AC95E2DFD0}.Debug|x64.ActiveCfg = Debug|Any CPU
		{02318A6B-F291-4ECF-8167-A9AC95E2DFD0}.Debug|x64.Build.0 = Debug|Any CPU
		{02318A6B-F291-4ECF-8167-A9AC95E2DFD0}.Debug|x86.ActiveCfg = Debug|Any CPU
		{02318A6B-F291-4ECF-8167-A9AC95E2DFD0}.Debug|x86.Build.0 = Debug|Any CPU
		{02318A6B-F291-4ECF-8167-A9AC95E2DFD0}.Release|Any CPU.ActiveCfg = Release|Any CPU
		{02318A6B-F291-4ECF-8167-A9AC95E2DFD0}.Release|Any CPU.Build.0 = Release|Any CPU
		{02318A6B-F291-4ECF-8167-A9AC95E2DFD0}.Release|x64.ActiveCfg = Release|Any CPU
		{02318A6B-F291-4ECF-8167-A9AC95E2DFD0}.Release|x64.Build.0 = Release|Any CPU
		{02318A6B-F291-4ECF-8167-A9AC95E2DFD0}.Release|x86.ActiveCfg = Release|Any CPU
		{02318A6B-F291-4ECF-8167-A9AC95E2DFD0}.Release|x86.Build.0 = Release|Any CPU
		{85417F8B-7C71-4C7D-A1FB-263A86673CB6}.Debug|Any CPU.ActiveCfg = Debug|Any CPU
		{85417F8B-7C71-4C7D-A1FB-263A86673CB6}.Debug|Any CPU.Build.0 = Debug|Any CPU
		{85417F8B-7C71-4C7D-A1FB-263A86673CB6}.Debug|x64.ActiveCfg = Debug|Any CPU
		{85417F8B-7C71-4C7D-A1FB-263A86673CB6}.Debug|x64.Build.0 = Debug|Any CPU
		{85417F8B-7C71-4C7D-A1FB-263A86673CB6}.Debug|x86.ActiveCfg = Debug|Any CPU
		{85417F8B-7C71-4C7D-A1FB-263A86673CB6}.Debug|x86.Build.0 = Debug|Any CPU
		{85417F8B-7C71-4C7D-A1FB-263A86673CB6}.Release|Any CPU.ActiveCfg = Release|Any CPU
		{85417F8B-7C71-4C7D-A1FB-263A86673CB6}.Release|Any CPU.Build.0 = Release|Any CPU
		{85417F8B-7C71-4C7D-A1FB-263A86673CB6}.Release|x64.ActiveCfg = Release|Any CPU
		{85417F8B-7C71-4C7D-A1FB-263A86673CB6}.Release|x64.Build.0 = Release|Any CPU
		{85417F8B-7C71-4C7D-A1FB-263A86673CB6}.Release|x86.ActiveCfg = Release|Any CPU
		{85417F8B-7C71-4C7D-A1FB-263A86673CB6}.Release|x86.Build.0 = Release|Any CPU
		{5ADFEF09-51B7-4265-863B-7D5B86E24DE9}.Debug|Any CPU.ActiveCfg = Debug|Any CPU
		{5ADFEF09-51B7-4265-863B-7D5B86E24DE9}.Debug|Any CPU.Build.0 = Debug|Any CPU
		{5ADFEF09-51B7-4265-863B-7D5B86E24DE9}.Debug|x64.ActiveCfg = Debug|Any CPU
		{5ADFEF09-51B7-4265-863B-7D5B86E24DE9}.Debug|x64.Build.0 = Debug|Any CPU
		{5ADFEF09-51B7-4265-863B-7D5B86E24DE9}.Debug|x86.ActiveCfg = Debug|Any CPU
		{5ADFEF09-51B7-4265-863B-7D5B86E24DE9}.Debug|x86.Build.0 = Debug|Any CPU
		{5ADFEF09-51B7-4265-863B-7D5B86E24DE9}.Release|Any CPU.ActiveCfg = Release|Any CPU
		{5ADFEF09-51B7-4265-863B-7D5B86E24DE9}.Release|Any CPU.Build.0 = Release|Any CPU
		{5ADFEF09-51B7-4265-863B-7D5B86E24DE9}.Release|x64.ActiveCfg = Release|Any CPU
		{5ADFEF09-51B7-4265-863B-7D5B86E24DE9}.Release|x64.Build.0 = Release|Any CPU
		{5ADFEF09-51B7-4265-863B-7D5B86E24DE9}.Release|x86.ActiveCfg = Release|Any CPU
		{5ADFEF09-51B7-4265-863B-7D5B86E24DE9}.Release|x86.Build.0 = Release|Any CPU
		{C658A7F2-3E8B-41B7-A30D-673A3712E694}.Debug|Any CPU.ActiveCfg = Debug|Any CPU
		{C658A7F2-3E8B-41B7-A30D-673A3712E694}.Debug|Any CPU.Build.0 = Debug|Any CPU
		{C658A7F2-3E8B-41B7-A30D-673A3712E694}.Debug|x64.ActiveCfg = Debug|Any CPU
		{C658A7F2-3E8B-41B7-A30D-673A3712E694}.Debug|x64.Build.0 = Debug|Any CPU
		{C658A7F2-3E8B-41B7-A30D-673A3712E694}.Debug|x86.ActiveCfg = Debug|Any CPU
		{C658A7F2-3E8B-41B7-A30D-673A3712E694}.Debug|x86.Build.0 = Debug|Any CPU
		{C658A7F2-3E8B-41B7-A30D-673A3712E694}.Release|Any CPU.ActiveCfg = Release|Any CPU
		{C658A7F2-3E8B-41B7-A30D-673A3712E694}.Release|Any CPU.Build.0 = Release|Any CPU
		{C658A7F2-3E8B-41B7-A30D-673A3712E694}.Release|x64.ActiveCfg = Release|Any CPU
		{C658A7F2-3E8B-41B7-A30D-673A3712E694}.Release|x64.Build.0 = Release|Any CPU
		{C658A7F2-3E8B-41B7-A30D-673A3712E694}.Release|x86.ActiveCfg = Release|Any CPU
		{C658A7F2-3E8B-41B7-A30D-673A3712E694}.Release|x86.Build.0 = Release|Any CPU
		{0D66B4F0-72C5-4D1B-A69B-7C100DFB06AD}.Debug|Any CPU.ActiveCfg = Debug|Any CPU
		{0D66B4F0-72C5-4D1B-A69B-7C100DFB06AD}.Debug|Any CPU.Build.0 = Debug|Any CPU
		{0D66B4F0-72C5-4D1B-A69B-7C100DFB06AD}.Debug|x64.ActiveCfg = Debug|Any CPU
		{0D66B4F0-72C5-4D1B-A69B-7C100DFB06AD}.Debug|x64.Build.0 = Debug|Any CPU
		{0D66B4F0-72C5-4D1B-A69B-7C100DFB06AD}.Debug|x86.ActiveCfg = Debug|Any CPU
		{0D66B4F0-72C5-4D1B-A69B-7C100DFB06AD}.Debug|x86.Build.0 = Debug|Any CPU
		{0D66B4F0-72C5-4D1B-A69B-7C100DFB06AD}.Release|Any CPU.ActiveCfg = Release|Any CPU
		{0D66B4F0-72C5-4D1B-A69B-7C100DFB06AD}.Release|Any CPU.Build.0 = Release|Any CPU
		{0D66B4F0-72C5-4D1B-A69B-7C100DFB06AD}.Release|x64.ActiveCfg = Release|Any CPU
		{0D66B4F0-72C5-4D1B-A69B-7C100DFB06AD}.Release|x64.Build.0 = Release|Any CPU
		{0D66B4F0-72C5-4D1B-A69B-7C100DFB06AD}.Release|x86.ActiveCfg = Release|Any CPU
		{0D66B4F0-72C5-4D1B-A69B-7C100DFB06AD}.Release|x86.Build.0 = Release|Any CPU
		{ED6772F2-8A06-4E6F-BAA1-5BDD2A252CDC}.Debug|Any CPU.ActiveCfg = Debug|Any CPU
		{ED6772F2-8A06-4E6F-BAA1-5BDD2A252CDC}.Debug|Any CPU.Build.0 = Debug|Any CPU
		{ED6772F2-8A06-4E6F-BAA1-5BDD2A252CDC}.Debug|x64.ActiveCfg = Debug|Any CPU
		{ED6772F2-8A06-4E6F-BAA1-5BDD2A252CDC}.Debug|x64.Build.0 = Debug|Any CPU
		{ED6772F2-8A06-4E6F-BAA1-5BDD2A252CDC}.Debug|x86.ActiveCfg = Debug|Any CPU
		{ED6772F2-8A06-4E6F-BAA1-5BDD2A252CDC}.Debug|x86.Build.0 = Debug|Any CPU
		{ED6772F2-8A06-4E6F-BAA1-5BDD2A252CDC}.Release|Any CPU.ActiveCfg = Release|Any CPU
		{ED6772F2-8A06-4E6F-BAA1-5BDD2A252CDC}.Release|Any CPU.Build.0 = Release|Any CPU
		{ED6772F2-8A06-4E6F-BAA1-5BDD2A252CDC}.Release|x64.ActiveCfg = Release|Any CPU
		{ED6772F2-8A06-4E6F-BAA1-5BDD2A252CDC}.Release|x64.Build.0 = Release|Any CPU
		{ED6772F2-8A06-4E6F-BAA1-5BDD2A252CDC}.Release|x86.ActiveCfg = Release|Any CPU
		{ED6772F2-8A06-4E6F-BAA1-5BDD2A252CDC}.Release|x86.Build.0 = Release|Any CPU
		{FA1CBD6B-2038-4DAA-8A9D-72209D424879}.Debug|Any CPU.ActiveCfg = Debug|Any CPU
		{FA1CBD6B-2038-4DAA-8A9D-72209D424879}.Debug|Any CPU.Build.0 = Debug|Any CPU
		{FA1CBD6B-2038-4DAA-8A9D-72209D424879}.Debug|x64.ActiveCfg = Debug|Any CPU
		{FA1CBD6B-2038-4DAA-8A9D-72209D424879}.Debug|x64.Build.0 = Debug|Any CPU
		{FA1CBD6B-2038-4DAA-8A9D-72209D424879}.Debug|x86.ActiveCfg = Debug|Any CPU
		{FA1CBD6B-2038-4DAA-8A9D-72209D424879}.Debug|x86.Build.0 = Debug|Any CPU
		{FA1CBD6B-2038-4DAA-8A9D-72209D424879}.Release|Any CPU.ActiveCfg = Release|Any CPU
		{FA1CBD6B-2038-4DAA-8A9D-72209D424879}.Release|Any CPU.Build.0 = Release|Any CPU
		{FA1CBD6B-2038-4DAA-8A9D-72209D424879}.Release|x64.ActiveCfg = Release|Any CPU
		{FA1CBD6B-2038-4DAA-8A9D-72209D424879}.Release|x64.Build.0 = Release|Any CPU
		{FA1CBD6B-2038-4DAA-8A9D-72209D424879}.Release|x86.ActiveCfg = Release|Any CPU
		{FA1CBD6B-2038-4DAA-8A9D-72209D424879}.Release|x86.Build.0 = Release|Any CPU
	EndGlobalSection
EndGlobal
